
Microsoft Visual Studio Solution File, Format Version 12.00
# Visual Studio Version 17
VisualStudioVersion = 17.0.32014.148
MinimumVisualStudioVersion = 10.0.40219.1
Project("{FAE04EC0-301F-11D3-BF4B-00C04F79EFBC}") = "MoviesAPI", "MoviesAPI\MoviesAPI.csproj", "{AC039CE3-ED7B-46DF-8742-5733D8769A22}"
EndProject
Global
	GlobalSection(SolutionConfigurationPlatforms) = preSolution
		Debug|Any CPU = Debug|Any CPU
		Release|Any CPU = Release|Any CPU
	EndGlobalSection
	GlobalSection(ProjectConfigurationPlatforms) = postSolution
		{AC039CE3-ED7B-46DF-8742-5733D8769A22}.Debug|Any CPU.ActiveCfg = Debug|Any CPU
		{AC039CE3-ED7B-46DF-8742-5733D8769A22}.Debug|Any CPU.Build.0 = Debug|Any CPU
		{AC039CE3-ED7B-46DF-8742-5733D8769A22}.Release|Any CPU.ActiveCfg = Release|Any CPU
		{AC039CE3-ED7B-46DF-8742-5733D8769A22}.Release|Any CPU.Build.0 = Release|Any CPU
	EndGlobalSection
	GlobalSection(SolutionProperties) = preSolution
		HideSolutionNode = FALSE
	EndGlobalSection
	GlobalSection(ExtensibilityGlobals) = postSolution
		SolutionGuid = {5C871D6F-8779-420B-AB19-B7E8D97E7549}
	EndGlobalSection
EndGlobal
